
Microsoft Visual Studio Solution File, Format Version 12.00
# Visual Studio Version 17
VisualStudioVersion = 17.9.34723.18
MinimumVisualStudioVersion = 10.0.40219.1
Project("{FAE04EC0-301F-11D3-BF4B-00C04F79EFBC}") = "LendBooks", "LendBooks.csproj", "{EBB0EDF4-352B-4224-ABE0-464A69AA0CA7}"
EndProject
Global
	GlobalSection(SolutionConfigurationPlatforms) = preSolution
		Debug|Any CPU = Debug|Any CPU
		Release|Any CPU = Release|Any CPU
	EndGlobalSection
	GlobalSection(ProjectConfigurationPlatforms) = postSolution
		{EBB0EDF4-352B-4224-ABE0-464A69AA0CA7}.Debug|Any CPU.ActiveCfg = Debug|Any CPU
		{EBB0EDF4-352B-4224-ABE0-464A69AA0CA7}.Debug|Any CPU.Build.0 = Debug|Any CPU
		{EBB0EDF4-352B-4224-ABE0-464A69AA0CA7}.Release|Any CPU.ActiveCfg = Release|Any CPU
		{EBB0EDF4-352B-4224-ABE0-464A69AA0CA7}.Release|Any CPU.Build.0 = Release|Any CPU
	EndGlobalSection
	GlobalSection(SolutionProperties) = preSolution
		HideSolutionNode = FALSE
	EndGlobalSection
	GlobalSection(ExtensibilityGlobals) = postSolution
		SolutionGuid = {01CBA799-059B-42B8-BE95-C24F3E176A1A}
	EndGlobalSection
EndGlobal
